// !$*UTF8*$!
{
	archiveVersion = 1;
	classes = {
	};
	objectVersion = 46;
	objects = {

/* Begin PBXBuildFile section */
		5507DD641833F1D900907AAF /* Cocoa.framework in Frameworks */ = {isa = PBXBuildFile; fileRef = 5507DD631833F1D900907AAF /* Cocoa.framework */; };
		5507DD6E1833F1D900907AAF /* InfoPlist.strings in Resources */ = {isa = PBXBuildFile; fileRef = 5507DD6C1833F1D900907AAF /* InfoPlist.strings */; };
		5507DD701833F1D900907AAF /* main.m in Sources */ = {isa = PBXBuildFile; fileRef = 5507DD6F1833F1D900907AAF /* main.m */; };
		5507DD741833F1D900907AAF /* Credits.rtf in Resources */ = {isa = PBXBuildFile; fileRef = 5507DD721833F1D900907AAF /* Credits.rtf */; };
		5507DD771833F1D900907AAF /* immerseReadDocument.m in Sources */ = {isa = PBXBuildFile; fileRef = 5507DD761833F1D900907AAF /* immerseReadDocument.m */; };
		5507DD7A1833F1D900907AAF /* immerseReadDocument.xib in Resources */ = {isa = PBXBuildFile; fileRef = 5507DD781833F1D900907AAF /* immerseReadDocument.xib */; };
		5507DD7D1833F1D900907AAF /* MainMenu.xib in Resources */ = {isa = PBXBuildFile; fileRef = 5507DD7B1833F1D900907AAF /* MainMenu.xib */; };
		5507DD851833F3C400907AAF /* TextViewFix.m in Sources */ = {isa = PBXBuildFile; fileRef = 5507DD841833F3C400907AAF /* TextViewFix.m */; };
/* End PBXBuildFile section */

/* Begin PBXFileReference section */
		5507DD5F1833F1D900907AAF /* immerseRead.app */ = {isa = PBXFileReference; explicitFileType = wrapper.application; includeInIndex = 0; path = immerseRead.app; sourceTree = BUILT_PRODUCTS_DIR; };
		5507DD631833F1D900907AAF /* Cocoa.framework */ = {isa = PBXFileReference; lastKnownFileType = wrapper.framework; name = Cocoa.framework; path = System/Library/Frameworks/Cocoa.framework; sourceTree = SDKROOT; };
		5507DD661833F1D900907AAF /* AppKit.framework */ = {isa = PBXFileReference; lastKnownFileType = wrapper.framework; name = AppKit.framework; path = System/Library/Frameworks/AppKit.framework; sourceTree = SDKROOT; };
		5507DD671833F1D900907AAF /* CoreData.framework */ = {isa = PBXFileReference; lastKnownFileType = wrapper.framework; name = CoreData.framework; path = System/Library/Frameworks/CoreData.framework; sourceTree = SDKROOT; };
		5507DD681833F1D900907AAF /* Foundation.framework */ = {isa = PBXFileReference; lastKnownFileType = wrapper.framework; name = Foundation.framework; path = System/Library/Frameworks/Foundation.framework; sourceTree = SDKROOT; };
		5507DD6B1833F1D900907AAF /* immerseRead-Info.plist */ = {isa = PBXFileReference; lastKnownFileType = text.plist.xml; path = "immerseRead-Info.plist"; sourceTree = "<group>"; };
		5507DD6D1833F1D900907AAF /* en */ = {isa = PBXFileReference; lastKnownFileType = text.plist.strings; name = en; path = en.lproj/InfoPlist.strings; sourceTree = "<group>"; };
		5507DD6F1833F1D900907AAF /* main.m */ = {isa = PBXFileReference; lastKnownFileType = sourcecode.c.objc; path = main.m; sourceTree = "<group>"; };
		5507DD711833F1D900907AAF /* immerseRead-Prefix.pch */ = {isa = PBXFileReference; lastKnownFileType = sourcecode.c.h; path = "immerseRead-Prefix.pch"; sourceTree = "<group>"; };
		5507DD731833F1D900907AAF /* en */ = {isa = PBXFileReference; lastKnownFileType = text.rtf; name = en; path = en.lproj/Credits.rtf; sourceTree = "<group>"; };
		5507DD751833F1D900907AAF /* immerseReadDocument.h */ = {isa = PBXFileReference; lastKnownFileType = sourcecode.c.h; path = immerseReadDocument.h; sourceTree = "<group>"; };
		5507DD761833F1D900907AAF /* immerseReadDocument.m */ = {isa = PBXFileReference; lastKnownFileType = sourcecode.c.objc; path = immerseReadDocument.m; sourceTree = "<group>"; };
		5507DD791833F1D900907AAF /* en */ = {isa = PBXFileReference; lastKnownFileType = file.xib; name = en; path = en.lproj/immerseReadDocument.xib; sourceTree = "<group>"; };
		5507DD7C1833F1D900907AAF /* en */ = {isa = PBXFileReference; lastKnownFileType = file.xib; name = en; path = en.lproj/MainMenu.xib; sourceTree = "<group>"; };
		5507DD831833F3C400907AAF /* TextViewFix.h */ = {isa = PBXFileReference; fileEncoding = 4; lastKnownFileType = sourcecode.c.h; path = TextViewFix.h; sourceTree = "<group>"; };
		5507DD841833F3C400907AAF /* TextViewFix.m */ = {isa = PBXFileReference; fileEncoding = 4; lastKnownFileType = sourcecode.c.objc; path = TextViewFix.m; sourceTree = "<group>"; };
/* End PBXFileReference section */

/* Begin PBXFrameworksBuildPhase section */
		5507DD5C1833F1D900907AAF /* Frameworks */ = {
			isa = PBXFrameworksBuildPhase;
			buildActionMask = 2147483647;
			files = (
				5507DD641833F1D900907AAF /* Cocoa.framework in Frameworks */,
			);
			runOnlyForDeploymentPostprocessing = 0;
		};
/* End PBXFrameworksBuildPhase section */

/* Begin PBXGroup section */
		5507DD541833F1D900907AAF = {
			isa = PBXGroup;
			children = (
				5507DD691833F1D900907AAF /* immerseRead */,
				5507DD621833F1D900907AAF /* Frameworks */,
				5507DD601833F1D900907AAF /* Products */,
			);
			sourceTree = "<group>";
		};
		5507DD601833F1D900907AAF /* Products */ = {
			isa = PBXGroup;
			children = (
				5507DD5F1833F1D900907AAF /* immerseRead.app */,
			);
			name = Products;
			sourceTree = "<group>";
		};
		5507DD621833F1D900907AAF /* Frameworks */ = {
			isa = PBXGroup;
			children = (
				5507DD631833F1D900907AAF /* Cocoa.framework */,
				5507DD651833F1D900907AAF /* Other Frameworks */,
			);
			name = Frameworks;
			sourceTree = "<group>";
		};
		5507DD651833F1D900907AAF /* Other Frameworks */ = {
			isa = PBXGroup;
			children = (
				5507DD661833F1D900907AAF /* AppKit.framework */,
				5507DD671833F1D900907AAF /* CoreData.framework */,
				5507DD681833F1D900907AAF /* Foundation.framework */,
			);
			name = "Other Frameworks";
			sourceTree = "<group>";
		};
		5507DD691833F1D900907AAF /* immerseRead */ = {
			isa = PBXGroup;
			children = (
				5507DD751833F1D900907AAF /* immerseReadDocument.h */,
				5507DD761833F1D900907AAF /* immerseReadDocument.m */,
				5507DD781833F1D900907AAF /* immerseReadDocument.xib */,
				5507DD7B1833F1D900907AAF /* MainMenu.xib */,
				5507DD831833F3C400907AAF /* TextViewFix.h */,
				5507DD841833F3C400907AAF /* TextViewFix.m */,
				5507DD6A1833F1D900907AAF /* Supporting Files */,
			);
			path = immerseRead;
			sourceTree = "<group>";
		};
		5507DD6A1833F1D900907AAF /* Supporting Files */ = {
			isa = PBXGroup;
			children = (
				5507DD6B1833F1D900907AAF /* immerseRead-Info.plist */,
				5507DD6C1833F1D900907AAF /* InfoPlist.strings */,
				5507DD6F1833F1D900907AAF /* main.m */,
				5507DD711833F1D900907AAF /* immerseRead-Prefix.pch */,
				5507DD721833F1D900907AAF /* Credits.rtf */,
			);
			name = "Supporting Files";
			sourceTree = "<group>";
		};
/* End PBXGroup section */

/* Begin PBXNativeTarget section */
		5507DD5E1833F1D900907AAF /* immerseRead */ = {
			isa = PBXNativeTarget;
			buildConfigurationList = 5507DD801833F1D900907AAF /* Build configuration list for PBXNativeTarget "immerseRead" */;
			buildPhases = (
				5507DD5B1833F1D900907AAF /* Sources */,
				5507DD5C1833F1D900907AAF /* Frameworks */,
				5507DD5D1833F1D900907AAF /* Resources */,
			);
			buildRules = (
			);
			dependencies = (
			);
			name = immerseRead;
			productName = immerseRead;
			productReference = 5507DD5F1833F1D900907AAF /* immerseRead.app */;
			productType = "com.apple.product-type.application";
		};
/* End PBXNativeTarget section */

/* Begin PBXProject section */
		5507DD561833F1D900907AAF /* Project object */ = {
			isa = PBXProject;
			attributes = {
				CLASSPREFIX = immerseRead;
				LastUpgradeCheck = 0440;
				ORGANIZATIONNAME = "Sohei Okamoto";
			};
			buildConfigurationList = 5507DD591833F1D900907AAF /* Build configuration list for PBXProject "immerseRead" */;
			compatibilityVersion = "Xcode 3.2";
			developmentRegion = English;
			hasScannedForEncodings = 0;
			knownRegions = (
				en,
			);
			mainGroup = 5507DD541833F1D900907AAF;
			productRefGroup = 5507DD601833F1D900907AAF /* Products */;
			projectDirPath = "";
			projectRoot = "";
			targets = (
				5507DD5E1833F1D900907AAF /* immerseRead */,
			);
		};
/* End PBXProject section */

/* Begin PBXResourcesBuildPhase section */
		5507DD5D1833F1D900907AAF /* Resources */ = {
			isa = PBXResourcesBuildPhase;
			buildActionMask = 2147483647;
			files = (
				5507DD6E1833F1D900907AAF /* InfoPlist.strings in Resources */,
				5507DD741833F1D900907AAF /* Credits.rtf in Resources */,
				5507DD7A1833F1D900907AAF /* immerseReadDocument.xib in Resources */,
				5507DD7D1833F1D900907AAF /* MainMenu.xib in Resources */,
			);
			runOnlyForDeploymentPostprocessing = 0;
		};
/* End PBXResourcesBuildPhase section */

/* Begin PBXSourcesBuildPhase section */
		5507DD5B1833F1D900907AAF /* Sources */ = {
			isa = PBXSourcesBuildPhase;
			buildActionMask = 2147483647;
			files = (
				5507DD701833F1D900907AAF /* main.m in Sources */,
				5507DD771833F1D900907AAF /* immerseReadDocument.m in Sources */,
				5507DD851833F3C400907AAF /* TextViewFix.m in Sources */,
			);
			runOnlyForDeploymentPostprocessing = 0;
		};
/* End PBXSourcesBuildPhase section */

/* Begin PBXVariantGroup section */
		5507DD6C1833F1D900907AAF /* InfoPlist.strings */ = {
			isa = PBXVariantGroup;
			children = (
				5507DD6D1833F1D900907AAF /* en */,
			);
			name = InfoPlist.strings;
			sourceTree = "<group>";
		};
		5507DD721833F1D900907AAF /* Credits.rtf */ = {
			isa = PBXVariantGroup;
			children = (
				5507DD731833F1D900907AAF /* en */,
			);
			name = Credits.rtf;
			sourceTree = "<group>";
		};
		5507DD781833F1D900907AAF /* immerseReadDocument.xib */ = {
			isa = PBXVariantGroup;
			children = (
				5507DD791833F1D900907AAF /* en */,
			);
			name = immerseReadDocument.xib;
			sourceTree = "<group>";
		};
		5507DD7B1833F1D900907AAF /* MainMenu.xib */ = {
			isa = PBXVariantGroup;
			children = (
				5507DD7C1833F1D900907AAF /* en */,
			);
			name = MainMenu.xib;
			sourceTree = "<group>";
		};
/* End PBXVariantGroup section */

/* Begin XCBuildConfiguration section */
		5507DD7E1833F1D900907AAF /* Debug */ = {
			isa = XCBuildConfiguration;
			buildSettings = {
				ALWAYS_SEARCH_USER_PATHS = NO;
				ARCHS = "$(ARCHS_STANDARD_64_BIT)";
				CLANG_CXX_LANGUAGE_STANDARD = "gnu++0x";
				CLANG_ENABLE_OBJC_ARC = YES;
				CLANG_WARN__DUPLICATE_METHOD_MATCH = YES;
				COPY_PHASE_STRIP = NO;
				GCC_C_LANGUAGE_STANDARD = gnu99;
				GCC_DYNAMIC_NO_PIC = NO;
				GCC_ENABLE_OBJC_EXCEPTIONS = YES;
				GCC_OPTIMIZATION_LEVEL = 0;
				GCC_PREPROCESSOR_DEFINITIONS = (
					"DEBUG=1",
					"$(inherited)",
				);
				GCC_SYMBOLS_PRIVATE_EXTERN = NO;
				GCC_WARN_64_TO_32_BIT_CONVERSION = YES;
				GCC_WARN_ABOUT_RETURN_TYPE = YES;
				GCC_WARN_UNINITIALIZED_AUTOS = YES;
				GCC_WARN_UNUSED_VARIABLE = YES;
				MACOSX_DEPLOYMENT_TARGET = 10.8;
				ONLY_ACTIVE_ARCH = YES;
				SDKROOT = macosx;
			};
			name = Debug;
		};
		5507DD7F1833F1D900907AAF /* Release */ = {
			isa = XCBuildConfiguration;
			buildSettings = {
				ALWAYS_SEARCH_USER_PATHS = NO;
				ARCHS = "$(ARCHS_STANDARD_64_BIT)";
				CLANG_CXX_LANGUAGE_STANDARD = "gnu++0x";
				CLANG_ENABLE_OBJC_ARC = YES;
				CLANG_WARN__DUPLICATE_METHOD_MATCH = YES;
				COPY_PHASE_STRIP = YES;
				DEBUG_INFORMATION_FORMAT = "dwarf-with-dsym";
				GCC_C_LANGUAGE_STANDARD = gnu99;
				GCC_ENABLE_OBJC_EXCEPTIONS = YES;
				GCC_WARN_64_TO_32_BIT_CONVERSION = YES;
				GCC_WARN_ABOUT_RETURN_TYPE = YES;
				GCC_WARN_UNINITIALIZED_AUTOS = YES;
				GCC_WARN_UNUSED_VARIABLE = YES;
				MACOSX_DEPLOYMENT_TARGET = 10.8;
				SDKROOT = macosx;
			};
			name = Release;
		};
		5507DD811833F1D900907AAF /* Debug */ = {
			isa = XCBuildConfiguration;
			buildSettings = {
				COMBINE_HIDPI_IMAGES = YES;
				GCC_PRECOMPILE_PREFIX_HEADER = YES;
				GCC_PREFIX_HEADER = "immerseRead/immerseRead-Prefix.pch";
				INFOPLIST_FILE = "immerseRead/immerseRead-Info.plist";
				MACOSX_DEPLOYMENT_TARGET = 10.6;
				PRODUCT_NAME = "$(TARGET_NAME)";
				WRAPPER_EXTENSION = app;
			};
			name = Debug;
		};
		5507DD821833F1D900907AAF /* Release */ = {
			isa = XCBuildConfiguration;
			buildSettings = {
				COMBINE_HIDPI_IMAGES = YES;
				GCC_PRECOMPILE_PREFIX_HEADER = YES;
				GCC_PREFIX_HEADER = "immerseRead/immerseRead-Prefix.pch";
				INFOPLIST_FILE = "immerseRead/immerseRead-Info.plist";
				MACOSX_DEPLOYMENT_TARGET = 10.6;
				PRODUCT_NAME = "$(TARGET_NAME)";
				WRAPPER_EXTENSION = app;
			};
			name = Release;
		};
/* End XCBuildConfiguration section */

/* Begin XCConfigurationList section */
		5507DD591833F1D900907AAF /* Build configuration list for PBXProject "immerseRead" */ = {
			isa = XCConfigurationList;
			buildConfigurations = (
				5507DD7E1833F1D900907AAF /* Debug */,
				5507DD7F1833F1D900907AAF /* Release */,
			);
			defaultConfigurationIsVisible = 0;
			defaultConfigurationName = Release;
		};
		5507DD801833F1D900907AAF /* Build configuration list for PBXNativeTarget "immerseRead" */ = {
			isa = XCConfigurationList;
			buildConfigurations = (
				5507DD811833F1D900907AAF /* Debug */,
				5507DD821833F1D900907AAF /* Release */,
			);
			defaultConfigurationIsVisible = 0;
			defaultConfigurationName = Release;
		};
/* End XCConfigurationList section */
	};
	rootObject = 5507DD561833F1D900907AAF /* Project object */;
}
